
Microsoft Visual Studio Solution File, Format Version 10.00
# Visual Studio 2008
Project("{8BC9CEB8-8B4A-11D0-8D11-00A0C91BC942}") = "Text1", "Text1\Text1.vcproj", "{FF20F5A6-121B-440F-AA77-8643C8A8C08D}"
EndProject
Global
	GlobalSection(SolutionConfigurationPlatforms) = preSolution
		Debug|Win32 = Debug|Win32
		Release|Win32 = Release|Win32
	EndGlobalSection
	GlobalSection(ProjectConfigurationPlatforms) = postSolution
		{FF20F5A6-121B-440F-AA77-8643C8A8C08D}.Debug|Win32.ActiveCfg = Debug|Win32
		{FF20F5A6-121B-440F-AA77-8643C8A8C08D}.Debug|Win32.Build.0 = Debug|Win32
		{FF20F5A6-121B-440F-AA77-8643C8A8C08D}.Release|Win32.ActiveCfg = Release|Win32
		{FF20F5A6-121B-440F-AA77-8643C8A8C08D}.Release|Win32.Build.0 = Release|Win32
	EndGlobalSection
	GlobalSection(SolutionProperties) = preSolution
		HideSolutionNode = FALSE
	EndGlobalSection
EndGlobal
